
Microsoft Visual Studio Solution File, Format Version 12.00
# Visual Studio Version 16
VisualStudioVersion = 16.0.31729.503
MinimumVisualStudioVersion = 10.0.40219.1
Project("{FAE04EC0-301F-11D3-BF4B-00C04F79EFBC}") = "FileLockingDemo", "FileLockingDemo.csproj", "{453C1CC3-DDBE-4EB0-84AA-5EABCF8F5730}"
EndProject
Global
	GlobalSection(SolutionConfigurationPlatforms) = preSolution
		Debug|Any CPU = Debug|Any CPU
		Release|Any CPU = Release|Any CPU
	EndGlobalSection
	GlobalSection(ProjectConfigurationPlatforms) = postSolution
		{453C1CC3-DDBE-4EB0-84AA-5EABCF8F5730}.Debug|Any CPU.ActiveCfg = Debug|Any CPU
		{453C1CC3-DDBE-4EB0-84AA-5EABCF8F5730}.Debug|Any CPU.Build.0 = Debug|Any CPU
		{453C1CC3-DDBE-4EB0-84AA-5EABCF8F5730}.Release|Any CPU.ActiveCfg = Release|Any CPU
		{453C1CC3-DDBE-4EB0-84AA-5EABCF8F5730}.Release|Any CPU.Build.0 = Release|Any CPU
	EndGlobalSection
	GlobalSection(SolutionProperties) = preSolution
		HideSolutionNode = FALSE
	EndGlobalSection
	GlobalSection(ExtensibilityGlobals) = postSolution
		SolutionGuid = {47A3CC49-589F-46DB-B5D2-B7633EC7F0EC}
	EndGlobalSection
EndGlobal
